
Microsoft Visual Studio Solution File, Format Version 12.00
# Visual Studio Version 17
VisualStudioVersion = 17.7.34202.233
MinimumVisualStudioVersion = 10.0.40219.1
Project("{FAE04EC0-301F-11D3-BF4B-00C04F79EFBC}") = "Shovgenov", "Shovgenov.csproj", "{0D2AC283-01FC-444E-B569-A082393E94CE}"
EndProject
Global
	GlobalSection(SolutionConfigurationPlatforms) = preSolution
		Debug|Any CPU = Debug|Any CPU
		Release|Any CPU = Release|Any CPU
	EndGlobalSection
	GlobalSection(ProjectConfigurationPlatforms) = postSolution
		{0D2AC283-01FC-444E-B569-A082393E94CE}.Debug|Any CPU.ActiveCfg = Debug|Any CPU
		{0D2AC283-01FC-444E-B569-A082393E94CE}.Debug|Any CPU.Build.0 = Debug|Any CPU
		{0D2AC283-01FC-444E-B569-A082393E94CE}.Release|Any CPU.ActiveCfg = Release|Any CPU
		{0D2AC283-01FC-444E-B569-A082393E94CE}.Release|Any CPU.Build.0 = Release|Any CPU
	EndGlobalSection
	GlobalSection(SolutionProperties) = preSolution
		HideSolutionNode = FALSE
	EndGlobalSection
	GlobalSection(ExtensibilityGlobals) = postSolution
		SolutionGuid = {A103B4FA-115B-4BA1-BB2E-03A650AF9098}
	EndGlobalSection
EndGlobal
